
Microsoft Visual Studio Solution File, Format Version 12.00
# Visual Studio Version 16
VisualStudioVersion = 16.0.31605.320
MinimumVisualStudioVersion = 10.0.40219.1
Project("{FAE04EC0-301F-11D3-BF4B-00C04F79EFBC}") = "UserMaintenance", "UserMaintenance.csproj", "{81BB74E2-3500-44E2-A10A-6C191B869614}"
EndProject
Project("{FAE04EC0-301F-11D3-BF4B-00C04F79EFBC}") = "ODF", "..\ODF\ODF.csproj", "{39300D16-C5C3-420A-B104-0F91F668B848}"
EndProject
Global
	GlobalSection(SolutionConfigurationPlatforms) = preSolution
		Debug|Any CPU = Debug|Any CPU
		Release|Any CPU = Release|Any CPU
	EndGlobalSection
	GlobalSection(ProjectConfigurationPlatforms) = postSolution
		{81BB74E2-3500-44E2-A10A-6C191B869614}.Debug|Any CPU.ActiveCfg = Debug|Any CPU
		{81BB74E2-3500-44E2-A10A-6C191B869614}.Debug|Any CPU.Build.0 = Debug|Any CPU
		{81BB74E2-3500-44E2-A10A-6C191B869614}.Release|Any CPU.ActiveCfg = Release|Any CPU
		{81BB74E2-3500-44E2-A10A-6C191B869614}.Release|Any CPU.Build.0 = Release|Any CPU
		{39300D16-C5C3-420A-B104-0F91F668B848}.Debug|Any CPU.ActiveCfg = Debug|Any CPU
		{39300D16-C5C3-420A-B104-0F91F668B848}.Debug|Any CPU.Build.0 = Debug|Any CPU
		{39300D16-C5C3-420A-B104-0F91F668B848}.Release|Any CPU.ActiveCfg = Release|Any CPU
		{39300D16-C5C3-420A-B104-0F91F668B848}.Release|Any CPU.Build.0 = Release|Any CPU
	EndGlobalSection
	GlobalSection(SolutionProperties) = preSolution
		HideSolutionNode = FALSE
	EndGlobalSection
	GlobalSection(ExtensibilityGlobals) = postSolution
		SolutionGuid = {A674F67D-C019-4B33-99C4-BECD30F00F4C}
	EndGlobalSection
EndGlobal
